Microsoft Visual Studio Solution File, Format Version 11.00
# Visual Studio 2008

Project("{46174634-27F2-46F7-D19A-E62713D9D64F}") = "boardgameFlow", "Assembly-CSharp.csproj", "{8E653294-F71D-8CE7-40A5-5701BC0BB5AE}"
EndProject
Global
	GlobalSection(SolutionConfigurationPlatforms) = preSolution
		Debug|Any CPU = Debug|Any CPU
		Release|Any CPU = Release|Any CPU
	EndGlobalSection
	GlobalSection(ProjectConfigurationPlatforms) = postSolution
		{8E653294-F71D-8CE7-40A5-5701BC0BB5AE}.Debug|Any CPU.ActiveCfg = Debug|Any CPU
		{8E653294-F71D-8CE7-40A5-5701BC0BB5AE}.Debug|Any CPU.Build.0 = Debug|Any CPU
		{8E653294-F71D-8CE7-40A5-5701BC0BB5AE}.Release|Any CPU.ActiveCfg = Release|Any CPU
		{8E653294-F71D-8CE7-40A5-5701BC0BB5AE}.Release|Any CPU.Build.0 = Release|Any CPU
	EndGlobalSection
	GlobalSection(SolutionProperties) = preSolution
		HideSolutionNode = FALSE
	EndGlobalSection
	GlobalSection(MonoDevelopProperties) = preSolution
		Policies = $0
		$0.DotNetNamingPolicy = $1
		$1.DirectoryNamespaceAssociation = None
		$1.ResourceNamePolicy = FileFormatDefault
		$0.TextStylePolicy = $2
		$2.inheritsSet = null
		$2.scope = text/x-csharp
		$0.CSharpFormattingPolicy = $3
		$3.BeforeMethodDeclarationParentheses = False
		$3.BetweenEmptyMethodDeclarationParentheses = True
		$3.WithinMethodDeclarationParentheses = True
		$3.BeforeMethodCallParentheses = False
		$3.BetweenEmptyMethodCallParentheses = True
		$3.WithinMethodCallParentheses = True
		$3.BeforeConstructorDeclarationParentheses = False
		$3.BetweenEmptyConstructorDeclarationParentheses = True
		$3.WithinConstructorDeclarationParentheses = True
		$3.BeforeIndexerDeclarationBracket = False
		$3.WithinIndexerDeclarationBracket = True
		$3.BeforeDelegateDeclarationParentheses = False
		$3.BetweenEmptyDelegateDeclarationParentheses = True
		$3.AfterDelegateDeclarationParameterComma = True
		$3.WithinDelegateDeclarationParentheses = True
		$3.NewParentheses = False
		$3.WithinParentheses = True
		$3.WithinIfParentheses = True
		$3.WithinWhileParentheses = True
		$3.WithinForParentheses = True
		$3.WithinForEachParentheses = True
		$3.WithinCatchParentheses = True
		$3.WithinSwitchParentheses = True
		$3.WithinLockParentheses = True
		$3.WithinUsingParentheses = True
		$3.WithinCastParentheses = True
		$3.WithinSizeOfParentheses = True
		$3.BeforeSizeOfParentheses = True
		$3.WithinTypeOfParentheses = True
		$3.WithinNewParentheses = True
		$3.BetweenEmptyNewParentheses = True
		$3.BeforeTypeOfParentheses = True
		$3.SpacesWithinBrackets = True
		$3.SpacesBeforeBrackets = False
		$3.inheritsSet = Mono
		$3.inheritsScope = text/x-csharp
		$3.scope = text/x-csharp
	EndGlobalSection
EndGlobal
